
Microsoft Visual Studio Solution File, Format Version 12.00
# Visual Studio Version 17
VisualStudioVersion = 17.5.33516.290
MinimumVisualStudioVersion = 10.0.40219.1
Project("{FAE04EC0-301F-11D3-BF4B-00C04F79EFBC}") = "Blog.web", "Blog.web\Blog.web.csproj", "{DDF1D31C-20E1-4AC5-ABD3-E90E97D0636B}"
EndProject
Project("{FAE04EC0-301F-11D3-BF4B-00C04F79EFBC}") = "Blog.Models", "Blog.Models\Blog.Models.csproj", "{CDFE3FB6-27AB-4D64-85C2-F9F685367114}"
EndProject
Project("{FAE04EC0-301F-11D3-BF4B-00C04F79EFBC}") = "blog.DataAccess", "blog.DataAccess\blog.DataAccess.csproj", "{CC2BD03B-01DC-4AEA-BA79-179AC976F31F}"
EndProject
Global
	GlobalSection(SolutionConfigurationPlatforms) = preSolution
		Debug|Any CPU = Debug|Any CPU
		Release|Any CPU = Release|Any CPU
	EndGlobalSection
	GlobalSection(ProjectConfigurationPlatforms) = postSolution
		{DDF1D31C-20E1-4AC5-ABD3-E90E97D0636B}.Debug|Any CPU.ActiveCfg = Debug|Any CPU
		{DDF1D31C-20E1-4AC5-ABD3-E90E97D0636B}.Debug|Any CPU.Build.0 = Debug|Any CPU
		{DDF1D31C-20E1-4AC5-ABD3-E90E97D0636B}.Release|Any CPU.ActiveCfg = Release|Any CPU
		{DDF1D31C-20E1-4AC5-ABD3-E90E97D0636B}.Release|Any CPU.Build.0 = Release|Any CPU
		{CDFE3FB6-27AB-4D64-85C2-F9F685367114}.Debug|Any CPU.ActiveCfg = Debug|Any CPU
		{CDFE3FB6-27AB-4D64-85C2-F9F685367114}.Debug|Any CPU.Build.0 = Debug|Any CPU
		{CDFE3FB6-27AB-4D64-85C2-F9F685367114}.Release|Any CPU.ActiveCfg = Release|Any CPU
		{CDFE3FB6-27AB-4D64-85C2-F9F685367114}.Release|Any CPU.Build.0 = Release|Any CPU
		{CC2BD03B-01DC-4AEA-BA79-179AC976F31F}.Debug|Any CPU.ActiveCfg = Debug|Any CPU
		{CC2BD03B-01DC-4AEA-BA79-179AC976F31F}.Debug|Any CPU.Build.0 = Debug|Any CPU
		{CC2BD03B-01DC-4AEA-BA79-179AC976F31F}.Release|Any CPU.ActiveCfg = Release|Any CPU
		{CC2BD03B-01DC-4AEA-BA79-179AC976F31F}.Release|Any CPU.Build.0 = Release|Any CPU
	EndGlobalSection
	GlobalSection(SolutionProperties) = preSolution
		HideSolutionNode = FALSE
	EndGlobalSection
	GlobalSection(ExtensibilityGlobals) = postSolution
		SolutionGuid = {1672865C-941C-48D7-A7EE-4C1492CFB306}
	EndGlobalSection
EndGlobal
